# THIS IS AN AUTOGENERATED FILE. DO NOT EDIT THIS FILE DIRECTLY.
# yarn lockfile v1


co-prompt@^1.0.0:
  version "1.0.0"
  resolved "https://registry.yarnpkg.com/co-prompt/-/co-prompt-1.0.0.tgz#fb370e9edac48576b27a732fe5d7f21d9fc6e6f6"
  dependencies:
    keypress "~0.2.1"

co@^4.6.0:
  version "4.6.0"
  resolved "https://registry.yarnpkg.com/co/-/co-4.6.0.tgz#6ea6bdf3d853ae54ccb8e47bfa0bf3f9031fb184"

commander@^2.9.0:
  version "2.9.0"
  resolved "https://registry.yarnpkg.com/commander/-/commander-2.9.0.tgz#9c99094176e12240cb22d6c5146098400fe0f7d4"
  dependencies:
    graceful-readlink ">= 1.0.0"

"graceful-readlink@>= 1.0.0":
  version "1.0.1"
  resolved "https://registry.yarnpkg.com/graceful-readlink/-/graceful-readlink-1.0.1.tgz#4cafad76bc62f02fa039b2f94e9a3dd3a391a725"

keypress@~0.2.1:
  version "0.2.1"
  resolved "https://registry.yarnpkg.com/keypress/-/keypress-0.2.1.tgz#1e80454250018dbad4c3fe94497d6e67b6269c77"

lodash@^4.14.2:
  version "4.17.3"
  resolved "https://registry.yarnpkg.com/lodash/-/lodash-4.17.3.tgz#557ed7d2a9438cac5fd5a43043ca60cb455e01f7"

project-name-generator@^2.1.3:
  version "2.1.3"
  resolved "https://registry.yarnpkg.com/project-name-generator/-/project-name-generator-2.1.3.tgz#30e1d2413e2013d69724f2a621a0cd583e3371b1"
  dependencies:
    lodash "^4.14.2"
